Microsoft Visual Studio Solution File, Format Version 11.00
# Visual Studio 2008

Project("{4B64DDF2-3580-4144-6F2C-E090B816C739}") = "InterfaceAssignment2(updated)", "Assembly-CSharp-firstpass.csproj", "{439C0484-C69D-83DF-3241-122C8845CF4A}"
EndProject
Project("{4B64DDF2-3580-4144-6F2C-E090B816C739}") = "InterfaceAssignment2(updated)", "Assembly-CSharp.csproj", "{A2BEEF6D-5F06-ED0B-5CC1-19A2907DFE5F}"
EndProject
Project("{4B64DDF2-3580-4144-6F2C-E090B816C739}") = "InterfaceAssignment2(updated)", "Assembly-CSharp-Editor.csproj", "{BE1B1733-1C46-F979-9B32-B83EC30C84BD}"
EndProject
Global
	GlobalSection(SolutionConfigurationPlatforms) = preSolution
		Debug|Any CPU = Debug|Any CPU
		Release|Any CPU = Release|Any CPU
	EndGlobalSection
	GlobalSection(ProjectConfigurationPlatforms) = postSolution
		{439C0484-C69D-83DF-3241-122C8845CF4A}.Debug|Any CPU.ActiveCfg = Debug|Any CPU
		{439C0484-C69D-83DF-3241-122C8845CF4A}.Debug|Any CPU.Build.0 = Debug|Any CPU
		{439C0484-C69D-83DF-3241-122C8845CF4A}.Release|Any CPU.ActiveCfg = Release|Any CPU
		{439C0484-C69D-83DF-3241-122C8845CF4A}.Release|Any CPU.Build.0 = Release|Any CPU
		{A2BEEF6D-5F06-ED0B-5CC1-19A2907DFE5F}.Debug|Any CPU.ActiveCfg = Debug|Any CPU
		{A2BEEF6D-5F06-ED0B-5CC1-19A2907DFE5F}.Debug|Any CPU.Build.0 = Debug|Any CPU
		{A2BEEF6D-5F06-ED0B-5CC1-19A2907DFE5F}.Release|Any CPU.ActiveCfg = Release|Any CPU
		{A2BEEF6D-5F06-ED0B-5CC1-19A2907DFE5F}.Release|Any CPU.Build.0 = Release|Any CPU
		{BE1B1733-1C46-F979-9B32-B83EC30C84BD}.Debug|Any CPU.ActiveCfg = Debug|Any CPU
		{BE1B1733-1C46-F979-9B32-B83EC30C84BD}.Debug|Any CPU.Build.0 = Debug|Any CPU
		{BE1B1733-1C46-F979-9B32-B83EC30C84BD}.Release|Any CPU.ActiveCfg = Release|Any CPU
		{BE1B1733-1C46-F979-9B32-B83EC30C84BD}.Release|Any CPU.Build.0 = Release|Any CPU
	EndGlobalSection
	GlobalSection(SolutionProperties) = preSolution
		HideSolutionNode = FALSE
	EndGlobalSection
	GlobalSection(MonoDevelopProperties) = preSolution
		StartupItem = Assembly-CSharp.csproj
	EndGlobalSection
EndGlobal
