Microsoft Visual Studio Solution File, Format Version 11.00
# Visual Studio 2008

Project("{A2698E05-31DC-38B0-4E03-5377C0F208BD}") = "UI_A2", "Assembly-CSharp-firstpass.csproj", "{51C1B640-0B89-A557-2E83-E28F58DFDF2F}"
EndProject
Project("{A2698E05-31DC-38B0-4E03-5377C0F208BD}") = "UI_A2", "Assembly-CSharp.csproj", "{BE54D820-80C6-A9F6-8DFE-FBD117AE6079}"
EndProject
Project("{A2698E05-31DC-38B0-4E03-5377C0F208BD}") = "UI_A2", "Assembly-CSharp-Editor.csproj", "{5DFB2608-2B0D-F7F9-9459-34E1A7F975BF}"
EndProject
Global
	GlobalSection(SolutionConfigurationPlatforms) = preSolution
		Debug|Any CPU = Debug|Any CPU
		Release|Any CPU = Release|Any CPU
	EndGlobalSection
	GlobalSection(ProjectConfigurationPlatforms) = postSolution
		{51C1B640-0B89-A557-2E83-E28F58DFDF2F}.Debug|Any CPU.ActiveCfg = Debug|Any CPU
		{51C1B640-0B89-A557-2E83-E28F58DFDF2F}.Debug|Any CPU.Build.0 = Debug|Any CPU
		{51C1B640-0B89-A557-2E83-E28F58DFDF2F}.Release|Any CPU.ActiveCfg = Release|Any CPU
		{51C1B640-0B89-A557-2E83-E28F58DFDF2F}.Release|Any CPU.Build.0 = Release|Any CPU
		{BE54D820-80C6-A9F6-8DFE-FBD117AE6079}.Debug|Any CPU.ActiveCfg = Debug|Any CPU
		{BE54D820-80C6-A9F6-8DFE-FBD117AE6079}.Debug|Any CPU.Build.0 = Debug|Any CPU
		{BE54D820-80C6-A9F6-8DFE-FBD117AE6079}.Release|Any CPU.ActiveCfg = Release|Any CPU
		{BE54D820-80C6-A9F6-8DFE-FBD117AE6079}.Release|Any CPU.Build.0 = Release|Any CPU
		{5DFB2608-2B0D-F7F9-9459-34E1A7F975BF}.Debug|Any CPU.ActiveCfg = Debug|Any CPU
		{5DFB2608-2B0D-F7F9-9459-34E1A7F975BF}.Debug|Any CPU.Build.0 = Debug|Any CPU
		{5DFB2608-2B0D-F7F9-9459-34E1A7F975BF}.Release|Any CPU.ActiveCfg = Release|Any CPU
		{5DFB2608-2B0D-F7F9-9459-34E1A7F975BF}.Release|Any CPU.Build.0 = Release|Any CPU
	EndGlobalSection
	GlobalSection(SolutionProperties) = preSolution
		HideSolutionNode = FALSE
	EndGlobalSection
																																	GlobalSection(MonoDevelopProperties) = preSolution
		StartupItem = Assembly-CSharp.csproj
	EndGlobalSection

EndGlobal
